// !$*UTF8*$!
{
	archiveVersion = 1;
	classes = {
	};
	objectVersion = 77;
	objects = {

/* Begin PBXBuildFile section */
		D42CC9352CE787AC00FCF0E9 /* FirebaseAnalytics in Frameworks */ = {isa = PBXBuildFile; productRef = D42CC9342CE787AC00FCF0E9 /* FirebaseAnalytics */; };
		D42CC9372CE787AC00FCF0E9 /* FirebaseAnalyticsOnDeviceConversion in Frameworks */ = {isa = PBXBuildFile; productRef = D42CC9362CE787AC00FCF0E9 /* FirebaseAnalyticsOnDeviceConversion */; };
		D42CC9392CE787AC00FCF0E9 /* FirebaseAnalyticsWithoutAdIdSupport in Frameworks */ = {isa = PBXBuildFile; productRef = D42CC9382CE787AC00FCF0E9 /* FirebaseAnalyticsWithoutAdIdSupport */; };
		D42CC93B2CE787AC00FCF0E9 /* FirebaseAppCheck in Frameworks */ = {isa = PBXBuildFile; productRef = D42CC93A2CE787AC00FCF0E9 /* FirebaseAppCheck */; };
		D42CC93D2CE787AC00FCF0E9 /* FirebaseAppDistribution-Beta in Frameworks */ = {isa = PBXBuildFile; productRef = D42CC93C2CE787AC00FCF0E9 /* FirebaseAppDistribution-Beta */; };
		D42CC93F2CE787AC00FCF0E9 /* FirebaseAuth in Frameworks */ = {isa = PBXBuildFile; productRef = D42CC93E2CE787AC00FCF0E9 /* FirebaseAuth */; };
		D42CC9412CE787AC00FCF0E9 /* FirebaseAuthCombine-Community in Frameworks */ = {isa = PBXBuildFile; productRef = D42CC9402CE787AC00FCF0E9 /* FirebaseAuthCombine-Community */; };
		D42CC9432CE787AC00FCF0E9 /* FirebaseCore in Frameworks */ = {isa = PBXBuildFile; productRef = D42CC9422CE787AC00FCF0E9 /* FirebaseCore */; };
		D42CC9452CE787AC00FCF0E9 /* FirebaseCrashlytics in Frameworks */ = {isa = PBXBuildFile; productRef = D42CC9442CE787AC00FCF0E9 /* FirebaseCrashlytics */; };
		D42CC9472CE787AC00FCF0E9 /* FirebaseDatabase in Frameworks */ = {isa = PBXBuildFile; productRef = D42CC9462CE787AC00FCF0E9 /* FirebaseDatabase */; };
		D42CC9492CE787AC00FCF0E9 /* FirebaseDynamicLinks in Frameworks */ = {isa = PBXBuildFile; productRef = D42CC9482CE787AC00FCF0E9 /* FirebaseDynamicLinks */; };
		D42CC94B2CE787AC00FCF0E9 /* FirebaseFirestore in Frameworks */ = {isa = PBXBuildFile; productRef = D42CC94A2CE787AC00FCF0E9 /* FirebaseFirestore */; };
		D42CC94D2CE787AC00FCF0E9 /* FirebaseFirestoreCombine-Community in Frameworks */ = {isa = PBXBuildFile; productRef = D42CC94C2CE787AC00FCF0E9 /* FirebaseFirestoreCombine-Community */; };
		D42CC94F2CE787AC00FCF0E9 /* FirebaseFunctions in Frameworks */ = {isa = PBXBuildFile; productRef = D42CC94E2CE787AC00FCF0E9 /* FirebaseFunctions */; };
		D42CC9512CE787AC00FCF0E9 /* FirebaseFunctionsCombine-Community in Frameworks */ = {isa = PBXBuildFile; productRef = D42CC9502CE787AC00FCF0E9 /* FirebaseFunctionsCombine-Community */; };
		D42CC9532CE787AC00FCF0E9 /* FirebaseInAppMessaging-Beta in Frameworks */ = {isa = PBXBuildFile; productRef = D42CC9522CE787AC00FCF0E9 /* FirebaseInAppMessaging-Beta */; };
		D42CC9552CE787AC00FCF0E9 /* FirebaseInstallations in Frameworks */ = {isa = PBXBuildFile; productRef = D42CC9542CE787AC00FCF0E9 /* FirebaseInstallations */; };
		D42CC9572CE787AC00FCF0E9 /* FirebaseMLModelDownloader in Frameworks */ = {isa = PBXBuildFile; productRef = D42CC9562CE787AC00FCF0E9 /* FirebaseMLModelDownloader */; };
		D42CC9592CE787AC00FCF0E9 /* FirebaseMessaging in Frameworks */ = {isa = PBXBuildFile; productRef = D42CC9582CE787AC00FCF0E9 /* FirebaseMessaging */; };
		D42CC95B2CE787AC00FCF0E9 /* FirebasePerformance in Frameworks */ = {isa = PBXBuildFile; productRef = D42CC95A2CE787AC00FCF0E9 /* FirebasePerformance */; };
		D42CC95D2CE787AC00FCF0E9 /* FirebaseRemoteConfig in Frameworks */ = {isa = PBXBuildFile; productRef = D42CC95C2CE787AC00FCF0E9 /* FirebaseRemoteConfig */; };
		D42CC95F2CE787AC00FCF0E9 /* FirebaseStorage in Frameworks */ = {isa = PBXBuildFile; productRef = D42CC95E2CE787AC00FCF0E9 /* FirebaseStorage */; };
		D42CC9612CE787AC00FCF0E9 /* FirebaseStorageCombine-Community in Frameworks */ = {isa = PBXBuildFile; productRef = D42CC9602CE787AC00FCF0E9 /* FirebaseStorageCombine-Community */; };
		D42CC9632CE787AC00FCF0E9 /* FirebaseVertexAI in Frameworks */ = {isa = PBXBuildFile; productRef = D42CC9622CE787AC00FCF0E9 /* FirebaseVertexAI */; };
/* End PBXBuildFile section */

/* Begin PBXFileReference section */
		D42CC9132CE7802F00FCF0E9 /* SimpleChatApp.app */ = {isa = PBXFileReference; explicitFileType = wrapper.application; includeInIndex = 0; path = SimpleChatApp.app; sourceTree = BUILT_PRODUCTS_DIR; };
/* End PBXFileReference section */

/* Begin PBXFileSystemSynchronizedRootGroup section */
		D42CC9152CE7802F00FCF0E9 /* SimpleChatApp */ = {
			isa = PBXFileSystemSynchronizedRootGroup;
			path = SimpleChatApp;
			sourceTree = "<group>";
		};
/* End PBXFileSystemSynchronizedRootGroup section */

/* Begin PBXFrameworksBuildPhase section */
		D42CC9102CE7802F00FCF0E9 /* Frameworks */ = {
			isa = PBXFrameworksBuildPhase;
			buildActionMask = 2147483647;
			files = (
				D42CC94D2CE787AC00FCF0E9 /* FirebaseFirestoreCombine-Community in Frameworks */,
				D42CC9632CE787AC00FCF0E9 /* FirebaseVertexAI in Frameworks */,
				D42CC94F2CE787AC00FCF0E9 /* FirebaseFunctions in Frameworks */,
				D42CC95B2CE787AC00FCF0E9 /* FirebasePerformance in Frameworks */,
				D42CC9612CE787AC00FCF0E9 /* FirebaseStorageCombine-Community in Frameworks */,
				D42CC95D2CE787AC00FCF0E9 /* FirebaseRemoteConfig in Frameworks */,
				D42CC9472CE787AC00FCF0E9 /* FirebaseDatabase in Frameworks */,
				D42CC9492CE787AC00FCF0E9 /* FirebaseDynamicLinks in Frameworks */,
				D42CC93B2CE787AC00FCF0E9 /* FirebaseAppCheck in Frameworks */,
				D42CC93F2CE787AC00FCF0E9 /* FirebaseAuth in Frameworks */,
				D42CC9352CE787AC00FCF0E9 /* FirebaseAnalytics in Frameworks */,
				D42CC94B2CE787AC00FCF0E9 /* FirebaseFirestore in Frameworks */,
				D42CC9592CE787AC00FCF0E9 /* FirebaseMessaging in Frameworks */,
				D42CC9552CE787AC00FCF0E9 /* FirebaseInstallations in Frameworks */,
				D42CC9512CE787AC00FCF0E9 /* FirebaseFunctionsCombine-Community in Frameworks */,
				D42CC93D2CE787AC00FCF0E9 /* FirebaseAppDistribution-Beta in Frameworks */,
				D42CC9392CE787AC00FCF0E9 /* FirebaseAnalyticsWithoutAdIdSupport in Frameworks */,
				D42CC9532CE787AC00FCF0E9 /* FirebaseInAppMessaging-Beta in Frameworks */,
				D42CC9412CE787AC00FCF0E9 /* FirebaseAuthCombine-Community in Frameworks */,
				D42CC9452CE787AC00FCF0E9 /* FirebaseCrashlytics in Frameworks */,
				D42CC9572CE787AC00FCF0E9 /* FirebaseMLModelDownloader in Frameworks */,
				D42CC95F2CE787AC00FCF0E9 /* FirebaseStorage in Frameworks */,
				D42CC9432CE787AC00FCF0E9 /* FirebaseCore in Frameworks */,
				D42CC9372CE787AC00FCF0E9 /* FirebaseAnalyticsOnDeviceConversion in Frameworks */,
			);
			runOnlyForDeploymentPostprocessing = 0;
		};
/* End PBXFrameworksBuildPhase section */

/* Begin PBXGroup section */
		D42CC90A2CE7802F00FCF0E9 = {
			isa = PBXGroup;
			children = (
				D42CC9152CE7802F00FCF0E9 /* SimpleChatApp */,
				D42CC9142CE7802F00FCF0E9 /* Products */,
			);
			sourceTree = "<group>";
		};
		D42CC9142CE7802F00FCF0E9 /* Products */ = {
			isa = PBXGroup;
			children = (
				D42CC9132CE7802F00FCF0E9 /* SimpleChatApp.app */,
			);
			name = Products;
			sourceTree = "<group>";
		};
/* End PBXGroup section */

/* Begin PBXNativeTarget section */
		D42CC9122CE7802F00FCF0E9 /* SimpleChatApp */ = {
			isa = PBXNativeTarget;
			buildConfigurationList = D42CC9212CE7803200FCF0E9 /* Build configuration list for PBXNativeTarget "SimpleChatApp" */;
			buildPhases = (
				D42CC90F2CE7802F00FCF0E9 /* Sources */,
				D42CC9102CE7802F00FCF0E9 /* Frameworks */,
				D42CC9112CE7802F00FCF0E9 /* Resources */,
			);
			buildRules = (
			);
			dependencies = (
			);
			fileSystemSynchronizedGroups = (
				D42CC9152CE7802F00FCF0E9 /* SimpleChatApp */,
			);
			name = SimpleChatApp;
			packageProductDependencies = (
				D42CC9342CE787AC00FCF0E9 /* FirebaseAnalytics */,
				D42CC9362CE787AC00FCF0E9 /* FirebaseAnalyticsOnDeviceConversion */,
				D42CC9382CE787AC00FCF0E9 /* FirebaseAnalyticsWithoutAdIdSupport */,
				D42CC93A2CE787AC00FCF0E9 /* FirebaseAppCheck */,
				D42CC93C2CE787AC00FCF0E9 /* FirebaseAppDistribution-Beta */,
				D42CC93E2CE787AC00FCF0E9 /* FirebaseAuth */,
				D42CC9402CE787AC00FCF0E9 /* FirebaseAuthCombine-Community */,
				D42CC9422CE787AC00FCF0E9 /* FirebaseCore */,
				D42CC9442CE787AC00FCF0E9 /* FirebaseCrashlytics */,
				D42CC9462CE787AC00FCF0E9 /* FirebaseDatabase */,
				D42CC9482CE787AC00FCF0E9 /* FirebaseDynamicLinks */,
				D42CC94A2CE787AC00FCF0E9 /* FirebaseFirestore */,
				D42CC94C2CE787AC00FCF0E9 /* FirebaseFirestoreCombine-Community */,
				D42CC94E2CE787AC00FCF0E9 /* FirebaseFunctions */,
				D42CC9502CE787AC00FCF0E9 /* FirebaseFunctionsCombine-Community */,
				D42CC9522CE787AC00FCF0E9 /* FirebaseInAppMessaging-Beta */,
				D42CC9542CE787AC00FCF0E9 /* FirebaseInstallations */,
				D42CC9562CE787AC00FCF0E9 /* FirebaseMLModelDownloader */,
				D42CC9582CE787AC00FCF0E9 /* FirebaseMessaging */,
				D42CC95A2CE787AC00FCF0E9 /* FirebasePerformance */,
				D42CC95C2CE787AC00FCF0E9 /* FirebaseRemoteConfig */,
				D42CC95E2CE787AC00FCF0E9 /* FirebaseStorage */,
				D42CC9602CE787AC00FCF0E9 /* FirebaseStorageCombine-Community */,
				D42CC9622CE787AC00FCF0E9 /* FirebaseVertexAI */,
			);
			productName = SimpleChatApp;
			productReference = D42CC9132CE7802F00FCF0E9 /* SimpleChatApp.app */;
			productType = "com.apple.product-type.application";
		};
/* End PBXNativeTarget section */

/* Begin PBXProject section */
		D42CC90B2CE7802F00FCF0E9 /* Project object */ = {
			isa = PBXProject;
			attributes = {
				BuildIndependentTargetsInParallel = 1;
				LastSwiftUpdateCheck = 1600;
				LastUpgradeCheck = 1600;
				TargetAttributes = {
					D42CC9122CE7802F00FCF0E9 = {
						CreatedOnToolsVersion = 16.0;
					};
				};
			};
			buildConfigurationList = D42CC90E2CE7802F00FCF0E9 /* Build configuration list for PBXProject "SimpleChatApp" */;
			developmentRegion = en;
			hasScannedForEncodings = 0;
			knownRegions = (
				en,
				Base,
			);
			mainGroup = D42CC90A2CE7802F00FCF0E9;
			minimizedProjectReferenceProxies = 1;
			packageReferences = (
				D42CC9332CE787AC00FCF0E9 /* XCRemoteSwiftPackageReference "firebase-ios-sdk" */,
			);
			preferredProjectObjectVersion = 77;
			productRefGroup = D42CC9142CE7802F00FCF0E9 /* Products */;
			projectDirPath = "";
			projectRoot = "";
			targets = (
				D42CC9122CE7802F00FCF0E9 /* SimpleChatApp */,
			);
		};
/* End PBXProject section */

/* Begin PBXResourcesBuildPhase section */
		D42CC9112CE7802F00FCF0E9 /* Resources */ = {
			isa = PBXResourcesBuildPhase;
			buildActionMask = 2147483647;
			files = (
			);
			runOnlyForDeploymentPostprocessing = 0;
		};
/* End PBXResourcesBuildPhase section */

/* Begin PBXSourcesBuildPhase section */
		D42CC90F2CE7802F00FCF0E9 /* Sources */ = {
			isa = PBXSourcesBuildPhase;
			buildActionMask = 2147483647;
			files = (
			);
			runOnlyForDeploymentPostprocessing = 0;
		};
/* End PBXSourcesBuildPhase section */

/* Begin XCBuildConfiguration section */
		D42CC91F2CE7803200FCF0E9 /* Debug */ = {
			isa = XCBuildConfiguration;
			buildSettings = {
				ALWAYS_SEARCH_USER_PATHS = NO;
				ASSETCATALOG_COMPILER_GENERATE_SWIFT_ASSET_SYMBOL_EXTENSIONS = YES;
				CLANG_ANALYZER_NONNULL = YES;
				CLANG_ANALYZER_NUMBER_OBJECT_CONVERSION = YES_AGGRESSIVE;
				CLANG_CXX_LANGUAGE_STANDARD = "gnu++20";
				CLANG_ENABLE_MODULES = YES;
				CLANG_ENABLE_OBJC_ARC = YES;
				CLANG_ENABLE_OBJC_WEAK = YES;
				CLANG_WARN_BLOCK_CAPTURE_AUTORELEASING = YES;
				CLANG_WARN_BOOL_CONVERSION = YES;
				CLANG_WARN_COMMA = YES;
				CLANG_WARN_CONSTANT_CONVERSION = YES;
				CLANG_WARN_DEPRECATED_OBJC_IMPLEMENTATIONS = YES;
				CLANG_WARN_DIRECT_OBJC_ISA_USAGE = YES_ERROR;
				CLANG_WARN_DOCUMENTATION_COMMENTS = YES;
				CLANG_WARN_EMPTY_BODY = YES;
				CLANG_WARN_ENUM_CONVERSION = YES;
				CLANG_WARN_INFINITE_RECURSION = YES;
				CLANG_WARN_INT_CONVERSION = YES;
				CLANG_WARN_NON_LITERAL_NULL_CONVERSION = YES;
				CLANG_WARN_OBJC_IMPLICIT_RETAIN_SELF = YES;
				CLANG_WARN_OBJC_LITERAL_CONVERSION = YES;
				CLANG_WARN_OBJC_ROOT_CLASS = YES_ERROR;
				CLANG_WARN_QUOTED_INCLUDE_IN_FRAMEWORK_HEADER = YES;
				CLANG_WARN_RANGE_LOOP_ANALYSIS = YES;
				CLANG_WARN_STRICT_PROTOTYPES = YES;
				CLANG_WARN_SUSPICIOUS_MOVE = YES;
				CLANG_WARN_UNGUARDED_AVAILABILITY = YES_AGGRESSIVE;
				CLANG_WARN_UNREACHABLE_CODE = YES;
				CLANG_WARN__DUPLICATE_METHOD_MATCH = YES;
				COPY_PHASE_STRIP = NO;
				DEBUG_INFORMATION_FORMAT = dwarf;
				ENABLE_STRICT_OBJC_MSGSEND = YES;
				ENABLE_TESTABILITY = YES;
				ENABLE_USER_SCRIPT_SANDBOXING = YES;
				GCC_C_LANGUAGE_STANDARD = gnu17;
				GCC_DYNAMIC_NO_PIC = NO;
				GCC_NO_COMMON_BLOCKS = YES;
				GCC_OPTIMIZATION_LEVEL = 0;
				GCC_PREPROCESSOR_DEFINITIONS = (
					"DEBUG=1",
					"$(inherited)",
				);
				GCC_WARN_64_TO_32_BIT_CONVERSION = YES;
				GCC_WARN_ABOUT_RETURN_TYPE = YES_ERROR;
				GCC_WARN_UNDECLARED_SELECTOR = YES;
				GCC_WARN_UNINITIALIZED_AUTOS = YES_AGGRESSIVE;
				GCC_WARN_UNUSED_FUNCTION = YES;
				GCC_WARN_UNUSED_VARIABLE = YES;
				IPHONEOS_DEPLOYMENT_TARGET = 18.0;
				LOCALIZATION_PREFERS_STRING_CATALOGS = YES;
				MTL_ENABLE_DEBUG_INFO = INCLUDE_SOURCE;
				MTL_FAST_MATH = YES;
				ONLY_ACTIVE_ARCH = YES;
				SDKROOT = iphoneos;
				SWIFT_ACTIVE_COMPILATION_CONDITIONS = "DEBUG $(inherited)";
				SWIFT_OPTIMIZATION_LEVEL = "-Onone";
			};
			name = Debug;
		};
		D42CC9202CE7803200FCF0E9 /* Release */ = {
			isa = XCBuildConfiguration;
			buildSettings = {
				ALWAYS_SEARCH_USER_PATHS = NO;
				ASSETCATALOG_COMPILER_GENERATE_SWIFT_ASSET_SYMBOL_EXTENSIONS = YES;
				CLANG_ANALYZER_NONNULL = YES;
				CLANG_ANALYZER_NUMBER_OBJECT_CONVERSION = YES_AGGRESSIVE;
				CLANG_CXX_LANGUAGE_STANDARD = "gnu++20";
				CLANG_ENABLE_MODULES = YES;
				CLANG_ENABLE_OBJC_ARC = YES;
				CLANG_ENABLE_OBJC_WEAK = YES;
				CLANG_WARN_BLOCK_CAPTURE_AUTORELEASING = YES;
				CLANG_WARN_BOOL_CONVERSION = YES;
				CLANG_WARN_COMMA = YES;
				CLANG_WARN_CONSTANT_CONVERSION = YES;
				CLANG_WARN_DEPRECATED_OBJC_IMPLEMENTATIONS = YES;
				CLANG_WARN_DIRECT_OBJC_ISA_USAGE = YES_ERROR;
				CLANG_WARN_DOCUMENTATION_COMMENTS = YES;
				CLANG_WARN_EMPTY_BODY = YES;
				CLANG_WARN_ENUM_CONVERSION = YES;
				CLANG_WARN_INFINITE_RECURSION = YES;
				CLANG_WARN_INT_CONVERSION = YES;
				CLANG_WARN_NON_LITERAL_NULL_CONVERSION = YES;
				CLANG_WARN_OBJC_IMPLICIT_RETAIN_SELF = YES;
				CLANG_WARN_OBJC_LITERAL_CONVERSION = YES;
				CLANG_WARN_OBJC_ROOT_CLASS = YES_ERROR;
				CLANG_WARN_QUOTED_INCLUDE_IN_FRAMEWORK_HEADER = YES;
				CLANG_WARN_RANGE_LOOP_ANALYSIS = YES;
				CLANG_WARN_STRICT_PROTOTYPES = YES;
				CLANG_WARN_SUSPICIOUS_MOVE = YES;
				CLANG_WARN_UNGUARDED_AVAILABILITY = YES_AGGRESSIVE;
				CLANG_WARN_UNREACHABLE_CODE = YES;
				CLANG_WARN__DUPLICATE_METHOD_MATCH = YES;
				COPY_PHASE_STRIP = NO;
				DEBUG_INFORMATION_FORMAT = "dwarf-with-dsym";
				ENABLE_NS_ASSERTIONS = NO;
				ENABLE_STRICT_OBJC_MSGSEND = YES;
				ENABLE_USER_SCRIPT_SANDBOXING = YES;
				GCC_C_LANGUAGE_STANDARD = gnu17;
				GCC_NO_COMMON_BLOCKS = YES;
				GCC_WARN_64_TO_32_BIT_CONVERSION = YES;
				GCC_WARN_ABOUT_RETURN_TYPE = YES_ERROR;
				GCC_WARN_UNDECLARED_SELECTOR = YES;
				GCC_WARN_UNINITIALIZED_AUTOS = YES_AGGRESSIVE;
				GCC_WARN_UNUSED_FUNCTION = YES;
				GCC_WARN_UNUSED_VARIABLE = YES;
				IPHONEOS_DEPLOYMENT_TARGET = 18.0;
				LOCALIZATION_PREFERS_STRING_CATALOGS = YES;
				MTL_ENABLE_DEBUG_INFO = NO;
				MTL_FAST_MATH = YES;
				SDKROOT = iphoneos;
				SWIFT_COMPILATION_MODE = wholemodule;
				VALIDATE_PRODUCT = YES;
			};
			name = Release;
		};
		D42CC9222CE7803200FCF0E9 /* Debug */ = {
			isa = XCBuildConfiguration;
			buildSettings = {
				ASSETCATALOG_COMPILER_APPICON_NAME = AppIcon;
				ASSETCATALOG_COMPILER_GLOBAL_ACCENT_COLOR_NAME = AccentColor;
				CODE_SIGN_STYLE = Automatic;
				CURRENT_PROJECT_VERSION = 1;
				DEVELOPMENT_ASSET_PATHS = "\"SimpleChatApp/Preview Content\"";
				ENABLE_PREVIEWS = YES;
				GENERATE_INFOPLIST_FILE = YES;
				INFOPLIST_KEY_UIApplicationSceneManifest_Generation = YES;
				INFOPLIST_KEY_UIApplicationSupportsIndirectInputEvents = YES;
				INFOPLIST_KEY_UILaunchScreen_Generation = YES;
				INFOPLIST_KEY_UISupportedInterfaceOrientations_iPad = "UIInterfaceOrientationPortrait UIInterfaceOrientationPortraitUpsideDown UIInterfaceOrientationLandscapeLeft UIInterfaceOrientationLandscapeRight";
				INFOPLIST_KEY_UISupportedInterfaceOrientations_iPhone = "UIInterfaceOrientationPortrait UIInterfaceOrientationLandscapeLeft UIInterfaceOrientationLandscapeRight";
				LD_RUNPATH_SEARCH_PATHS = (
					"$(inherited)",
					"@executable_path/Frameworks",
				);
				MARKETING_VERSION = 1.0;
				PRODUCT_BUNDLE_IDENTIFIER = com.jacqueline.SimpleChatApp;
				PRODUCT_NAME = "$(TARGET_NAME)";
				SWIFT_EMIT_LOC_STRINGS = YES;
				SWIFT_VERSION = 5.0;
				TARGETED_DEVICE_FAMILY = "1,2";
			};
			name = Debug;
		};
		D42CC9232CE7803200FCF0E9 /* Release */ = {
			isa = XCBuildConfiguration;
			buildSettings = {
				ASSETCATALOG_COMPILER_APPICON_NAME = AppIcon;
				ASSETCATALOG_COMPILER_GLOBAL_ACCENT_COLOR_NAME = AccentColor;
				CODE_SIGN_STYLE = Automatic;
				CURRENT_PROJECT_VERSION = 1;
				DEVELOPMENT_ASSET_PATHS = "\"SimpleChatApp/Preview Content\"";
				ENABLE_PREVIEWS = YES;
				GENERATE_INFOPLIST_FILE = YES;
				INFOPLIST_KEY_UIApplicationSceneManifest_Generation = YES;
				INFOPLIST_KEY_UIApplicationSupportsIndirectInputEvents = YES;
				INFOPLIST_KEY_UILaunchScreen_Generation = YES;
				INFOPLIST_KEY_UISupportedInterfaceOrientations_iPad = "UIInterfaceOrientationPortrait UIInterfaceOrientationPortraitUpsideDown UIInterfaceOrientationLandscapeLeft UIInterfaceOrientationLandscapeRight";
				INFOPLIST_KEY_UISupportedInterfaceOrientations_iPhone = "UIInterfaceOrientationPortrait UIInterfaceOrientationLandscapeLeft UIInterfaceOrientationLandscapeRight";
				LD_RUNPATH_SEARCH_PATHS = (
					"$(inherited)",
					"@executable_path/Frameworks",
				);
				MARKETING_VERSION = 1.0;
				PRODUCT_BUNDLE_IDENTIFIER = com.jacqueline.SimpleChatApp;
				PRODUCT_NAME = "$(TARGET_NAME)";
				SWIFT_EMIT_LOC_STRINGS = YES;
				SWIFT_VERSION = 5.0;
				TARGETED_DEVICE_FAMILY = "1,2";
			};
			name = Release;
		};
/* End XCBuildConfiguration section */

/* Begin XCConfigurationList section */
		D42CC90E2CE7802F00FCF0E9 /* Build configuration list for PBXProject "SimpleChatApp" */ = {
			isa = XCConfigurationList;
			buildConfigurations = (
				D42CC91F2CE7803200FCF0E9 /* Debug */,
				D42CC9202CE7803200FCF0E9 /* Release */,
			);
			defaultConfigurationIsVisible = 0;
			defaultConfigurationName = Release;
		};
		D42CC9212CE7803200FCF0E9 /* Build configuration list for PBXNativeTarget "SimpleChatApp" */ = {
			isa = XCConfigurationList;
			buildConfigurations = (
				D42CC9222CE7803200FCF0E9 /* Debug */,
				D42CC9232CE7803200FCF0E9 /* Release */,
			);
			defaultConfigurationIsVisible = 0;
			defaultConfigurationName = Release;
		};
/* End XCConfigurationList section */

/* Begin XCRemoteSwiftPackageReference section */
		D42CC9332CE787AC00FCF0E9 /* XCRemoteSwiftPackageReference "firebase-ios-sdk" */ = {
			isa = XCRemoteSwiftPackageReference;
			repositoryURL = "https://github.com/firebase/firebase-ios-sdk";
			requirement = {
				kind = upToNextMajorVersion;
				minimumVersion = 11.5.0;
			};
		};
/* End XCRemoteSwiftPackageReference section */

/* Begin XCSwiftPackageProductDependency section */
		D42CC9342CE787AC00FCF0E9 /* FirebaseAnalytics */ = {
			isa = XCSwiftPackageProductDependency;
			package = D42CC9332CE787AC00FCF0E9 /* XCRemoteSwiftPackageReference "firebase-ios-sdk" */;
			productName = FirebaseAnalytics;
		};
		D42CC9362CE787AC00FCF0E9 /* FirebaseAnalyticsOnDeviceConversion */ = {
			isa = XCSwiftPackageProductDependency;
			package = D42CC9332CE787AC00FCF0E9 /* XCRemoteSwiftPackageReference "firebase-ios-sdk" */;
			productName = FirebaseAnalyticsOnDeviceConversion;
		};
		D42CC9382CE787AC00FCF0E9 /* FirebaseAnalyticsWithoutAdIdSupport */ = {
			isa = XCSwiftPackageProductDependency;
			package = D42CC9332CE787AC00FCF0E9 /* XCRemoteSwiftPackageReference "firebase-ios-sdk" */;
			productName = FirebaseAnalyticsWithoutAdIdSupport;
		};
		D42CC93A2CE787AC00FCF0E9 /* FirebaseAppCheck */ = {
			isa = XCSwiftPackageProductDependency;
			package = D42CC9332CE787AC00FCF0E9 /* XCRemoteSwiftPackageReference "firebase-ios-sdk" */;
			productName = FirebaseAppCheck;
		};
		D42CC93C2CE787AC00FCF0E9 /* FirebaseAppDistribution-Beta */ = {
			isa = XCSwiftPackageProductDependency;
			package = D42CC9332CE787AC00FCF0E9 /* XCRemoteSwiftPackageReference "firebase-ios-sdk" */;
			productName = "FirebaseAppDistribution-Beta";
		};
		D42CC93E2CE787AC00FCF0E9 /* FirebaseAuth */ = {
			isa = XCSwiftPackageProductDependency;
			package = D42CC9332CE787AC00FCF0E9 /* XCRemoteSwiftPackageReference "firebase-ios-sdk" */;
			productName = FirebaseAuth;
		};
		D42CC9402CE787AC00FCF0E9 /* FirebaseAuthCombine-Community */ = {
			isa = XCSwiftPackageProductDependency;
			package = D42CC9332CE787AC00FCF0E9 /* XCRemoteSwiftPackageReference "firebase-ios-sdk" */;
			productName = "FirebaseAuthCombine-Community";
		};
		D42CC9422CE787AC00FCF0E9 /* FirebaseCore */ = {
			isa = XCSwiftPackageProductDependency;
			package = D42CC9332CE787AC00FCF0E9 /* XCRemoteSwiftPackageReference "firebase-ios-sdk" */;
			productName = FirebaseCore;
		};
		D42CC9442CE787AC00FCF0E9 /* FirebaseCrashlytics */ = {
			isa = XCSwiftPackageProductDependency;
			package = D42CC9332CE787AC00FCF0E9 /* XCRemoteSwiftPackageReference "firebase-ios-sdk" */;
			productName = FirebaseCrashlytics;
		};
		D42CC9462CE787AC00FCF0E9 /* FirebaseDatabase */ = {
			isa = XCSwiftPackageProductDependency;
			package = D42CC9332CE787AC00FCF0E9 /* XCRemoteSwiftPackageReference "firebase-ios-sdk" */;
			productName = FirebaseDatabase;
		};
		D42CC9482CE787AC00FCF0E9 /* FirebaseDynamicLinks */ = {
			isa = XCSwiftPackageProductDependency;
			package = D42CC9332CE787AC00FCF0E9 /* XCRemoteSwiftPackageReference "firebase-ios-sdk" */;
			productName = FirebaseDynamicLinks;
		};
		D42CC94A2CE787AC00FCF0E9 /* FirebaseFirestore */ = {
			isa = XCSwiftPackageProductDependency;
			package = D42CC9332CE787AC00FCF0E9 /* XCRemoteSwiftPackageReference "firebase-ios-sdk" */;
			productName = FirebaseFirestore;
		};
		D42CC94C2CE787AC00FCF0E9 /* FirebaseFirestoreCombine-Community */ = {
			isa = XCSwiftPackageProductDependency;
			package = D42CC9332CE787AC00FCF0E9 /* XCRemoteSwiftPackageReference "firebase-ios-sdk" */;
			productName = "FirebaseFirestoreCombine-Community";
		};
		D42CC94E2CE787AC00FCF0E9 /* FirebaseFunctions */ = {
			isa = XCSwiftPackageProductDependency;
			package = D42CC9332CE787AC00FCF0E9 /* XCRemoteSwiftPackageReference "firebase-ios-sdk" */;
			productName = FirebaseFunctions;
		};
		D42CC9502CE787AC00FCF0E9 /* FirebaseFunctionsCombine-Community */ = {
			isa = XCSwiftPackageProductDependency;
			package = D42CC9332CE787AC00FCF0E9 /* XCRemoteSwiftPackageReference "firebase-ios-sdk" */;
			productName = "FirebaseFunctionsCombine-Community";
		};
		D42CC9522CE787AC00FCF0E9 /* FirebaseInAppMessaging-Beta */ = {
			isa = XCSwiftPackageProductDependency;
			package = D42CC9332CE787AC00FCF0E9 /* XCRemoteSwiftPackageReference "firebase-ios-sdk" */;
			productName = "FirebaseInAppMessaging-Beta";
		};
		D42CC9542CE787AC00FCF0E9 /* FirebaseInstallations */ = {
			isa = XCSwiftPackageProductDependency;
			package = D42CC9332CE787AC00FCF0E9 /* XCRemoteSwiftPackageReference "firebase-ios-sdk" */;
			productName = FirebaseInstallations;
		};
		D42CC9562CE787AC00FCF0E9 /* FirebaseMLModelDownloader */ = {
			isa = XCSwiftPackageProductDependency;
			package = D42CC9332CE787AC00FCF0E9 /* XCRemoteSwiftPackageReference "firebase-ios-sdk" */;
			productName = FirebaseMLModelDownloader;
		};
		D42CC9582CE787AC00FCF0E9 /* FirebaseMessaging */ = {
			isa = XCSwiftPackageProductDependency;
			package = D42CC9332CE787AC00FCF0E9 /* XCRemoteSwiftPackageReference "firebase-ios-sdk" */;
			productName = FirebaseMessaging;
		};
		D42CC95A2CE787AC00FCF0E9 /* FirebasePerformance */ = {
			isa = XCSwiftPackageProductDependency;
			package = D42CC9332CE787AC00FCF0E9 /* XCRemoteSwiftPackageReference "firebase-ios-sdk" */;
			productName = FirebasePerformance;
		};
		D42CC95C2CE787AC00FCF0E9 /* FirebaseRemoteConfig */ = {
			isa = XCSwiftPackageProductDependency;
			package = D42CC9332CE787AC00FCF0E9 /* XCRemoteSwiftPackageReference "firebase-ios-sdk" */;
			productName = FirebaseRemoteConfig;
		};
		D42CC95E2CE787AC00FCF0E9 /* FirebaseStorage */ = {
			isa = XCSwiftPackageProductDependency;
			package = D42CC9332CE787AC00FCF0E9 /* XCRemoteSwiftPackageReference "firebase-ios-sdk" */;
			productName = FirebaseStorage;
		};
		D42CC9602CE787AC00FCF0E9 /* FirebaseStorageCombine-Community */ = {
			isa = XCSwiftPackageProductDependency;
			package = D42CC9332CE787AC00FCF0E9 /* XCRemoteSwiftPackageReference "firebase-ios-sdk" */;
			productName = "FirebaseStorageCombine-Community";
		};
		D42CC9622CE787AC00FCF0E9 /* FirebaseVertexAI */ = {
			isa = XCSwiftPackageProductDependency;
			package = D42CC9332CE787AC00FCF0E9 /* XCRemoteSwiftPackageReference "firebase-ios-sdk" */;
			productName = FirebaseVertexAI;
		};
/* End XCSwiftPackageProductDependency section */
	};
	rootObject = D42CC90B2CE7802F00FCF0E9 /* Project object */;
}
